{
    "version": "0.5",
    "requires": [
        "zlib/1.3.2#7785cdb3a85f7c138a9c4f91f36ba701%1784294768.877413",
        "sqlite3/3.53.1#886c510c5d3908b84a9b0766ac958cce%1784294769.3804343",
        "proj/9.3.1#29d7cde88e270fd3a138bb0f32a8438b%1784294769.2637281",
        "petsc/3.25.3#79677ca26746e29883aa1bafa4a5fd4e%1784294769.655066",
        "nlohmann_json/3.11.3#45828be26eb619a2e04ca517bb7b828d%1784294769.3197107",
        "netcdf-fortran/4.6.2#0297d442dccc836d6dd5b29493d447cc%1784294769.1496356",
        "netcdf/4.9.2#e7c84a1fd8b54b8243cf5c79380e52d9%1784294769.0844905",
        "libtiff/4.7.1#c9a3c594b285692ffc74dabd0b1f7640%1784294769.206457",
        "libgeotiff/1.7.1#94cf0d7b12e8876c6590548445f02d6d%1784294769.5508628",
        "json-c/0.17#c01dc2f90ca2785d218c9c12d2587c69%1784294769.500025",
        "hdf5/1.14.2#e11564a0e512f3387e8201ba38aea856%1784294768.9458776",
        "gdal/3.12.1#6f414e825e44c0c83326681be6581b0a%1784294769.4430642",
        "expat/2.8.0#a853bee3816ac79a899532786508152a%1784294769.6039922"
    ],
    "build_requires": [
        "sqlite3/3.53.1#886c510c5d3908b84a9b0766ac958cce%1784294769.3804343",
        "cmake/4.3.2#5bae0b181463ca4dc3e924a981367ee6%1784294769.0176263"
    ],
    "python_requires": [],
    "config_requires": []
}
