{
    "version": "0.5",
    "requires": [
        "zlib/1.3.2#7785cdb3a85f7c138a9c4f91f36ba701%1782395544.513273",
        "sqlite3/3.53.1#886c510c5d3908b84a9b0766ac958cce%1782395545.272778",
        "proj/9.3.1#29d7cde88e270fd3a138bb0f32a8438b%1782395545.0799315",
        "nlohmann_json/3.11.3#45828be26eb619a2e04ca517bb7b828d%1782395545.1875577",
        "netcdf-fortran/4.6.2#e638918700dfd21415f3e9abc6599347%1782395544.8124106",
        "netcdf/4.9.2#e7c84a1fd8b54b8243cf5c79380e52d9%1782395544.7346208",
        "libtiff/4.7.1#c9a3c594b285692ffc74dabd0b1f7640%1782395544.9044266",
        "libgeotiff/1.7.1#94cf0d7b12e8876c6590548445f02d6d%1782395545.527855",
        "json-c/0.17#c01dc2f90ca2785d218c9c12d2587c69%1782395545.4461956",
        "hdf5/1.14.2#180b981e0bcc9e8903f1fe352ac82c66%1782395544.5737243",
        "gdal/3.12.1#13e5f15ce622653921ed730f716f3940%1782395545.3691561",
        "expat/2.8.0#a853bee3816ac79a899532786508152a%1782395545.6006072"
    ],
    "build_requires": [
        "sqlite3/3.53.1#886c510c5d3908b84a9b0766ac958cce%1782395545.272778",
        "cmake/4.3.2#5bae0b181463ca4dc3e924a981367ee6%1782395544.9846478",
        "cmake/3.31.12#173a926abc2b77f03c826b6fd6539426%1782395544.652667"
    ],
    "python_requires": [],
    "config_requires": []
}
